
Microsoft Visual Studio Solution File, Format Version 12.00
# Visual Studio Version 17
VisualStudioVersion = 17.11.35312.102
MinimumVisualStudioVersion = 10.0.40219.1
Project("{FAE04EC0-301F-11D3-BF4B-00C04F79EFBC}") = "dd-back", "dd-back.csproj", "{470FCEB1-1B86-475C-A3EF-6338FB71F64A}"
EndProject
Global
	GlobalSection(SolutionConfigurationPlatforms) = preSolution
		Debug|Any CPU = Debug|Any CPU
		Release|Any CPU = Release|Any CPU
	EndGlobalSection
	GlobalSection(ProjectConfigurationPlatforms) = postSolution
		{470FCEB1-1B86-475C-A3EF-6338FB71F64A}.Debug|Any CPU.ActiveCfg = Debug|Any CPU
		{470FCEB1-1B86-475C-A3EF-6338FB71F64A}.Debug|Any CPU.Build.0 = Debug|Any CPU
		{470FCEB1-1B86-475C-A3EF-6338FB71F64A}.Release|Any CPU.ActiveCfg = Release|Any CPU
		{470FCEB1-1B86-475C-A3EF-6338FB71F64A}.Release|Any CPU.Build.0 = Release|Any CPU
	EndGlobalSection
	GlobalSection(SolutionProperties) = preSolution
		HideSolutionNode = FALSE
	EndGlobalSection
	GlobalSection(ExtensibilityGlobals) = postSolution
		SolutionGuid = {481C4759-1FDC-4405-B0AD-33C84F1A5DFA}
	EndGlobalSection
EndGlobal
